<?xml version="1.0" encoding="utf-8"?>
<Project ToolsVersion="4.0" xmlns="http://schemas.microsoft.com/developer/msbuild/2003">
  <ItemGroup>
    <Filter Include="源文件">
      <UniqueIdentifier>{4FC737F1-C7A5-4376-A066-2A32D752A2FF}</UniqueIdentifier>
      <Extensions>cpp;c;cc;cxx;c++;cppm;ixx;def;odl;idl;hpj;bat;asm;asmx</Extensions>
    </Filter>
    <Filter Include="头文件">
      <UniqueIdentifier>{93995380-89BD-4b04-88EB-625FBE52EBFB}</UniqueIdentifier>
      <Extensions>h;hh;hpp;hxx;h++;hm;inl;inc;ipp;xsd</Extensions>
    </Filter>
    <Filter Include="资源文件">
      <UniqueIdentifier>{67DA6AB6-F800-4c08-8B7A-83BB121AAD01}</UniqueIdentifier>
      <Extensions>rc;ico;cur;bmp;dlg;rc2;rct;bin;rgs;gif;jpg;jpeg;jpe;resx;tiff;tif;png;wav;mfcribbon-ms</Extensions>
    </Filter>
  </ItemGroup>
  <ItemGroup>
    <ClCompile Include="src\vendor\imgui\imgui.cpp">
      <Filter>源文件</Filter>
    </ClCompile>
    <ClCompile Include="src\vendor\imgui\imgui_demo.cpp">
      <Filter>源文件</Filter>
    </ClCompile>
    <ClCompile Include="src\vendor\imgui\imgui_draw.cpp">
      <Filter>源文件</Filter>
    </ClCompile>
    <ClCompile Include="src\vendor\imgui\imgui_impl_glfw.cpp">
      <Filter>源文件</Filter>
    </ClCompile>
    <ClCompile Include="src\vendor\imgui\imgui_impl_opengl3.cpp">
      <Filter>源文件</Filter>
    </ClCompile>
    <ClCompile Include="src\vendor\imgui\imgui_tables.cpp">
      <Filter>源文件</Filter>
    </ClCompile>
    <ClCompile Include="src\vendor\imgui\imgui_widgets.cpp">
      <Filter>源文件</Filter>
    </ClCompile>
    <ClCompile Include="src\Application.cpp">
      <Filter>源文件</Filter>
    </ClCompile>
    <ClCompile Include="src\IndexBuffer.cpp">
      <Filter>源文件</Filter>
    </ClCompile>
    <ClCompile Include="src\Renderer.cpp">
      <Filter>源文件</Filter>
    </ClCompile>
    <ClCompile Include="src\Shader.cpp">
      <Filter>源文件</Filter>
    </ClCompile>
    <ClCompile Include="src\Texture.cpp">
      <Filter>源文件</Filter>
    </ClCompile>
    <ClCompile Include="src\VertexArray.cpp">
      <Filter>源文件</Filter>
    </ClCompile>
    <ClCompile Include="src\VertexBuffer.cpp">
      <Filter>源文件</Filter>
    </ClCompile>
    <ClCompile Include="src\Camera.cpp">
      <Filter>源文件</Filter>
    </ClCompile>
    <ClCompile Include="src\Mesh.cpp">
      <Filter>源文件</Filter>
    </ClCompile>
    <ClCompile Include="src\Material.cpp">
      <Filter>源文件</Filter>
    </ClCompile>
    <ClCompile Include="src\Entity.cpp">
      <Filter>源文件</Filter>
    </ClCompile>
    <ClCompile Include="src\Component.cpp">
      <Filter>源文件</Filter>
    </ClCompile>
    <ClCompile Include="src\Scene.cpp">
      <Filter>源文件</Filter>
    </ClCompile>
    <ClCompile Include="src\SceneNode.cpp">
      <Filter>源文件</Filter>
    </ClCompile>
    <ClCompile Include="src\EntityController.cpp">
      <Filter>源文件</Filter>
    </ClCompile>
    <ClCompile Include="src\CameraController.cpp">
      <Filter>源文件</Filter>
    </ClCompile>
    <ClCompile Include="src\Light.cpp">
      <Filter>源文件</Filter>
    </ClCompile>
    <ClCompile Include="src\LightController.cpp">
      <Filter>源文件</Filter>
    </ClCompile>
    <ClCompile Include="src\SceneManager.cpp">
      <Filter>源文件</Filter>
    </ClCompile>
    <ClCompile Include="src\SceneNodeController.cpp">
      <Filter>源文件</Filter>
    </ClCompile>
    <ClCompile Include="src\ResourceManager.cpp">
      <Filter>源文件</Filter>
    </ClCompile>
    <ClCompile Include="src\depthMap.cpp">
      <Filter>源文件</Filter>
    </ClCompile>
    <ClCompile Include="src\FrameBuffer.cpp">
      <Filter>源文件</Filter>
    </ClCompile>
    <ClCompile Include="src\SkyBox.cpp">
      <Filter>源文件</Filter>
    </ClCompile>
    <ClCompile Include="src\Quad.cpp">
      <Filter>源文件</Filter>
    </ClCompile>
    <ClCompile Include="src\TextureArray.cpp">
      <Filter>源文件</Filter>
    </ClCompile>
    <ClCompile Include="src\ShaderStorageBuffer.cpp">
      <Filter>源文件</Filter>
    </ClCompile>
    <ClCompile Include="src\Filter.cpp">
      <Filter>源文件</Filter>
    </ClCompile>
    <ClCompile Include="src\BVHTree.cpp">
      <Filter>源文件</Filter>
    </ClCompile>
    <ClCompile Include="src\TextureManager.cpp">
      <Filter>源文件</Filter>
    </ClCompile>
    <ClCompile Include="src\TriangleSubdivider.cpp">
      <Filter>源文件</Filter>
    </ClCompile>
    <ClCompile Include="src\ComputeShader.cpp">
      <Filter>源文件</Filter>
    </ClCompile>
    <ClCompile Include="src\EngineSymbol.cpp">
      <Filter>源文件</Filter>
    </ClCompile>
    <ClCompile Include="src\EngineState.cpp">
      <Filter>源文件</Filter>
    </ClCompile>
    <ClCompile Include="src\Octree.cpp">
      <Filter>源文件</Filter>
    </ClCompile>
    <ClCompile Include="src\NVIDIA_Nsight.cpp">
      <Filter>源文件</Filter>
    </ClCompile>
  </ItemGroup>
  <ItemGroup>
    <ClInclude Include="src\vendor\imgui\imconfig.h">
      <Filter>头文件</Filter>
    </ClInclude>
    <ClInclude Include="src\vendor\imgui\imgui.h">
      <Filter>头文件</Filter>
    </ClInclude>
    <ClInclude Include="src\vendor\imgui\imgui_impl_glfw.h">
      <Filter>头文件</Filter>
    </ClInclude>
    <ClInclude Include="src\vendor\imgui\imgui_impl_opengl3.h">
      <Filter>头文件</Filter>
    </ClInclude>
    <ClInclude Include="src\vendor\imgui\imgui_impl_opengl3_loader.h">
      <Filter>头文件</Filter>
    </ClInclude>
    <ClInclude Include="src\vendor\imgui\imgui_internal.h">
      <Filter>头文件</Filter>
    </ClInclude>
    <ClInclude Include="src\vendor\imgui\imstb_rectpack.h">
      <Filter>头文件</Filter>
    </ClInclude>
    <ClInclude Include="src\vendor\imgui\imstb_textedit.h">
      <Filter>头文件</Filter>
    </ClInclude>
    <ClInclude Include="src\vendor\imgui\imstb_truetype.h">
      <Filter>头文件</Filter>
    </ClInclude>
    <ClInclude Include="src\IndexBuffer.h">
      <Filter>头文件</Filter>
    </ClInclude>
    <ClInclude Include="src\Macro.h">
      <Filter>头文件</Filter>
    </ClInclude>
    <ClInclude Include="src\Renderer.h">
      <Filter>头文件</Filter>
    </ClInclude>
    <ClInclude Include="src\Shader.h">
      <Filter>头文件</Filter>
    </ClInclude>
    <ClInclude Include="src\Texture.h">
      <Filter>头文件</Filter>
    </ClInclude>
    <ClInclude Include="src\VertexArray.h">
      <Filter>头文件</Filter>
    </ClInclude>
    <ClInclude Include="src\VertexBuffer.h">
      <Filter>头文件</Filter>
    </ClInclude>
    <ClInclude Include="src\VertexBufferLayout.h">
      <Filter>头文件</Filter>
    </ClInclude>
    <ClInclude Include="src\Camera.h">
      <Filter>头文件</Filter>
    </ClInclude>
    <ClInclude Include="src\Material.h">
      <Filter>头文件</Filter>
    </ClInclude>
    <ClInclude Include="src\Light.h">
      <Filter>头文件</Filter>
    </ClInclude>
    <ClInclude Include="src\Entity.h">
      <Filter>头文件</Filter>
    </ClInclude>
    <ClInclude Include="src\Scene.h">
      <Filter>头文件</Filter>
    </ClInclude>
    <ClInclude Include="src\Component.h">
      <Filter>头文件</Filter>
    </ClInclude>
    <ClInclude Include="src\Mesh.h">
      <Filter>头文件</Filter>
    </ClInclude>
    <ClInclude Include="src\ResourceManager.h">
      <Filter>头文件</Filter>
    </ClInclude>
    <ClInclude Include="src\AnimationSystem.h">
      <Filter>头文件</Filter>
    </ClInclude>
    <ClInclude Include="src\SceneNode.h">
      <Filter>头文件</Filter>
    </ClInclude>
    <ClInclude Include="src\InputManager.h">
      <Filter>头文件</Filter>
    </ClInclude>
    <ClInclude Include="src\CameraController.h">
      <Filter>头文件</Filter>
    </ClInclude>
    <ClInclude Include="src\EntityController.h">
      <Filter>头文件</Filter>
    </ClInclude>
    <ClInclude Include="src\color.h">
      <Filter>头文件</Filter>
    </ClInclude>
    <ClInclude Include="src\LightController.h">
      <Filter>头文件</Filter>
    </ClInclude>
    <ClInclude Include="src\SceneManager.h">
      <Filter>头文件</Filter>
    </ClInclude>
    <ClInclude Include="src\SceneNodeController.h">
      <Filter>头文件</Filter>
    </ClInclude>
    <ClInclude Include="src\depthMap.h">
      <Filter>头文件</Filter>
    </ClInclude>
    <ClInclude Include="src\FrameBuffer.h">
      <Filter>头文件</Filter>
    </ClInclude>
    <ClInclude Include="src\SubMesh.h">
      <Filter>头文件</Filter>
    </ClInclude>
    <ClInclude Include="src\SkyBox.h">
      <Filter>头文件</Filter>
    </ClInclude>
    <ClInclude Include="Dependencies\GLEW\include\GL\eglew.h">
      <Filter>头文件</Filter>
    </ClInclude>
    <ClInclude Include="Dependencies\GLEW\include\GL\glew.h">
      <Filter>头文件</Filter>
    </ClInclude>
    <ClInclude Include="Dependencies\GLEW\include\GL\glxew.h">
      <Filter>头文件</Filter>
    </ClInclude>
    <ClInclude Include="Dependencies\GLEW\include\GL\wglew.h">
      <Filter>头文件</Filter>
    </ClInclude>
    <ClInclude Include="Dependencies\GLFW\include\GLFW\glfw3.h">
      <Filter>头文件</Filter>
    </ClInclude>
    <ClInclude Include="Dependencies\GLFW\include\GLFW\glfw3native.h">
      <Filter>头文件</Filter>
    </ClInclude>
    <ClInclude Include="src\Quad.h">
      <Filter>头文件</Filter>
    </ClInclude>
    <ClInclude Include="src\vendor\opencv2\opencv.hpp">
      <Filter>头文件</Filter>
    </ClInclude>
    <ClInclude Include="\\Mac\Home\Downloads\stb_image_write.h">
      <Filter>头文件</Filter>
    </ClInclude>
    <ClInclude Include="src\TextureArray.h">
      <Filter>头文件</Filter>
    </ClInclude>
    <ClInclude Include="\\Mac\Home\Downloads\stb_image_resize2.h">
      <Filter>头文件</Filter>
    </ClInclude>
    <ClInclude Include="src\ShaderStorageBuffer.h">
      <Filter>头文件</Filter>
    </ClInclude>
    <ClInclude Include="src\Filter.h">
      <Filter>头文件</Filter>
    </ClInclude>
    <ClInclude Include="src\BVHTree.h">
      <Filter>头文件</Filter>
    </ClInclude>
    <ClInclude Include="src\TextureManager.h">
      <Filter>头文件</Filter>
    </ClInclude>
    <ClInclude Include="src\TriangleSubdivider.h">
      <Filter>头文件</Filter>
    </ClInclude>
    <ClInclude Include="src\ComputeShader.h">
      <Filter>头文件</Filter>
    </ClInclude>
    <ClInclude Include="src\EngineSymbol.h">
      <Filter>头文件</Filter>
    </ClInclude>
    <ClInclude Include="src\EngineState.h">
      <Filter>头文件</Filter>
    </ClInclude>
    <ClInclude Include="src\Octree.h">
      <Filter>头文件</Filter>
    </ClInclude>
    <ClInclude Include="src\AABB.h">
      <Filter>头文件</Filter>
    </ClInclude>
    <ClInclude Include="src\NVIDIA_Nsight.h">
      <Filter>头文件</Filter>
    </ClInclude>
  </ItemGroup>
  <ItemGroup>
    <None Include="document\advice.md" />
    <None Include="document\已经写完的接口.md" />
    <None Include="document\GLTF.md" />
    <None Include="document\光源的建议.md" />
    <None Include="document\PBR.md" />
    <None Include="document\ImGui.md" />
    <None Include="document\mtl.md" />
    <None Include="Dependencies\GLEW\doc\advanced.html" />
    <None Include="Dependencies\GLEW\doc\basic.html" />
    <None Include="Dependencies\GLEW\doc\build.html" />
    <None Include="Dependencies\GLEW\doc\credits.html" />
    <None Include="Dependencies\GLEW\doc\glew.html" />
    <None Include="Dependencies\GLEW\doc\glxew.html" />
    <None Include="Dependencies\GLEW\doc\index.html" />
    <None Include="Dependencies\GLEW\doc\install.html" />
    <None Include="Dependencies\GLEW\doc\log.html" />
    <None Include="Dependencies\GLEW\doc\wglew.html" />
    <None Include="Debug\glew32.dll" />
    <None Include="res\shaders\ComputeShaders\ModelTransform.shader" />
  </ItemGroup>
</Project>